PODS:
  - Card-iOS (0.0.22):
    - SharedDataModels-iOS
    - SnapKit
    - SwiftEntryKit
    - SwiftyRSA
    - TapCardScannerWebWrapper-iOS
    - TapFontKit-iOS
  - card_flutter (1.0.0):
    - Card-iOS (= 0.0.22)
    - Flutter
  - Flutter (1.0.0)
  - integration_test (0.0.1):
    - Flutter
  - SharedDataModels-iOS (0.0.12)
  - SnapKit (5.6.0)
  - SwiftEntryKit (2.0.0)
  - SwiftyRSA (1.7.0):
    - SwiftyRSA/ObjC (= 1.7.0)
  - SwiftyRSA/ObjC (1.7.0)
  - TapCardScannerWebWrapper-iOS (0.0.8):
    - SharedDataModels-iOS
    - TapCardVlidatorKit-iOS
  - TapCardVlidatorKit-iOS (1.0.24)
  - TapFontKit-iOS (0.0.10):
    - TapSwiftFixesV2
  - TapSwiftFixesV2 (1.0.3):
    - TapSwiftFixesV2/CoreGraphics (= 1.0.3)
    - TapSwiftFixesV2/Exceptions (= 1.0.3)
    - TapSwiftFixesV2/Threading (= 1.0.3)
  - TapSwiftFixesV2/CoreGraphics (1.0.3)
  - TapSwiftFixesV2/Exceptions (1.0.3)
  - TapSwiftFixesV2/Threading (1.0.3)

DEPENDENCIES:
  - card_flutter (from `.symlinks/plugins/card_flutter/ios`)
  - Flutter (from `Flutter`)
  - integration_test (from `.symlinks/plugins/integration_test/ios`)

SPEC REPOS:
  trunk:
    - Card-iOS
    - SharedDataModels-iOS
    - SnapKit
    - SwiftEntryKit
    - SwiftyRSA
    - TapCardScannerWebWrapper-iOS
    - TapCardVlidatorKit-iOS
    - TapFontKit-iOS
    - TapSwiftFixesV2

EXTERNAL SOURCES:
  card_flutter:
    :path: ".symlinks/plugins/card_flutter/ios"
  Flutter:
    :path: Flutter
  integration_test:
    :path: ".symlinks/plugins/integration_test/ios"

SPEC CHECKSUMS:
  Card-iOS: 9f07b952a07d6a9078612d0b223f1103f93d753e
  card_flutter: 88949690876cd8b3202c1df42483b0afbfedc38e
  Flutter: f04841e97a9d0b0a8025694d0796dd46242b2854
  integration_test: 13825b8a9334a850581300559b8839134b124670
  SharedDataModels-iOS: 03d22b8a256a6ce698180b24d3ff8fefe42707b1
  SnapKit: e01d52ebb8ddbc333eefe2132acf85c8227d9c25
  SwiftEntryKit: 61b5fa36f34a97dd8013e48a7345bc4c4720be9a
  SwiftyRSA: 8c6dd1ea7db1b8dc4fb517a202f88bb1354bc2c6
  TapCardScannerWebWrapper-iOS: c8f05e90f418e910600db43e082a81ae6e5af8ad
  TapCardVlidatorKit-iOS: 05d3e644dddd6aa52dd95cc85a2c41f7ce0ba2f9
  TapFontKit-iOS: cd7376aec8f7edd97145cd0daa5ce584859429c1
  TapSwiftFixesV2: ea726f752b6259d9e44624039fd6bad94b2a8633

PODFILE CHECKSUM: a57f30d18f102dd3ce366b1d62a55ecbef2158e5

COCOAPODS: 1.12.1
