PODS:
  - Card-iOS (1.0.8):
    - SharedDataModels-iOS
    - SwiftEntryKit
    - TapCardScannerWebWrapper-iOS
    - TapFontKit-iOS
  - card_flutter (1.0.0):
    - Card-iOS (= 1.0.8)
    - Flutter
  - Flutter (1.0.0)
  - SharedDataModels-iOS (0.0.12)
  - SwiftEntryKit (2.0.0)
  - TapCardScannerWebWrapper-iOS (0.0.9):
    - SharedDataModels-iOS
    - TapCardVlidatorKit-iOS
  - TapCardVlidatorKit-iOS (1.0.24)
  - TapFontKit-iOS (0.0.11):
    - TapSwiftFixesV2
  - TapSwiftFixesV2 (1.0.3):
    - TapSwiftFixesV2/CoreGraphics (= 1.0.3)
    - TapSwiftFixesV2/Exceptions (= 1.0.3)
    - TapSwiftFixesV2/Threading (= 1.0.3)
  - TapSwiftFixesV2/CoreGraphics (1.0.3)
  - TapSwiftFixesV2/Exceptions (1.0.3)
  - TapSwiftFixesV2/Threading (1.0.3)

DEPENDENCIES:
  - card_flutter (from `.symlinks/plugins/card_flutter/ios`)
  - Flutter (from `Flutter`)

SPEC REPOS:
  trunk:
    - Card-iOS
    - SharedDataModels-iOS
    - SwiftEntryKit
    - TapCardScannerWebWrapper-iOS
    - TapCardVlidatorKit-iOS
    - TapFontKit-iOS
    - TapSwiftFixesV2

EXTERNAL SOURCES:
  card_flutter:
    :path: ".symlinks/plugins/card_flutter/ios"
  Flutter:
    :path: Flutter

SPEC CHECKSUMS:
  Card-iOS: edf012f329c1f8f0b4f3fab6683db4ad4071fe42
  card_flutter: 294d69f6d514163bd7c8447f52d19bf75fea01ea
  Flutter: e0871f40cf51350855a761d2e70bf5af5b9b5de7
  SharedDataModels-iOS: 03d22b8a256a6ce698180b24d3ff8fefe42707b1
  SwiftEntryKit: 61b5fa36f34a97dd8013e48a7345bc4c4720be9a
  TapCardScannerWebWrapper-iOS: 34ebb3f7118fdc156a51d3e4b79aef4497e0f934
  TapCardVlidatorKit-iOS: 05d3e644dddd6aa52dd95cc85a2c41f7ce0ba2f9
  TapFontKit-iOS: c17f595e4d94b5c5c49fda159596a7f23bdffb94
  TapSwiftFixesV2: ea726f752b6259d9e44624039fd6bad94b2a8633

PODFILE CHECKSUM: aff60c12919986de66907cdaf6c37c1d0686ec4d

COCOAPODS: 1.16.2
